
Microsoft Visual Studio Solution File, Format Version 12.00
# Visual Studio 2012
Project("{FAE04EC0-301F-11D3-BF4B-00C04F79EFBC}") = "LzEngine", "LzEngine\LzEngine.csproj", "{E703C2D4-F38B-4DCC-BAC1-FF437CAC947C}"
EndProject
Project("{FAE04EC0-301F-11D3-BF4B-00C04F79EFBC}") = "LzServer", "LzServer\LzServer.csproj", "{2FDAD53A-1475-47D4-8256-0B40637562CD}"
EndProject
Project("{FAE04EC0-301F-11D3-BF4B-00C04F79EFBC}") = "LzClient", "LzClient\LzClient.csproj", "{FC1186A8-88BC-498C-A61B-22466724752F}"
EndProject
Project("{FAE04EC0-301F-11D3-BF4B-00C04F79EFBC}") = "LzEditor", "LzEditor\LzEditor.csproj", "{A2F264D9-4DA3-40DB-A878-99DC1124C248}"
EndProject
Project("{2150E333-8FDC-42A3-9474-1A3956D46DE8}") = "Tools", "Tools", "{00F6249F-186C-4A4E-870A-018B9661A60A}"
EndProject
Project("{FAE04EC0-301F-11D3-BF4B-00C04F79EFBC}") = "LzLauncher", "LzLauncher\LzLauncher.csproj", "{0E745CF0-32B3-4E20-8A49-85918FF15741}"
EndProject
Project("{FAE04EC0-301F-11D3-BF4B-00C04F79EFBC}") = "LzDeploy", "LzDeploy\LzDeploy.csproj", "{ED8FC6D6-56A3-444B-BD31-32F034B49E47}"
EndProject
Project("{2150E333-8FDC-42A3-9474-1A3956D46DE8}") = "Shared", "Shared", "{69BBFF4D-6677-4C17-B800-EEF47FACB351}"
EndProject
Global
	GlobalSection(SolutionConfigurationPlatforms) = preSolution
		Client|Any CPU = Client|Any CPU
		Debug|Any CPU = Debug|Any CPU
		Release|Any CPU = Release|Any CPU
		Server|Any CPU = Server|Any CPU
	EndGlobalSection
	GlobalSection(ProjectConfigurationPlatforms) = postSolution
		{E703C2D4-F38B-4DCC-BAC1-FF437CAC947C}.Client|Any CPU.ActiveCfg = Release|Any CPU
		{E703C2D4-F38B-4DCC-BAC1-FF437CAC947C}.Client|Any CPU.Build.0 = Release|Any CPU
		{E703C2D4-F38B-4DCC-BAC1-FF437CAC947C}.Debug|Any CPU.ActiveCfg = Debug|Any CPU
		{E703C2D4-F38B-4DCC-BAC1-FF437CAC947C}.Debug|Any CPU.Build.0 = Debug|Any CPU
		{E703C2D4-F38B-4DCC-BAC1-FF437CAC947C}.Release|Any CPU.ActiveCfg = Release|Any CPU
		{E703C2D4-F38B-4DCC-BAC1-FF437CAC947C}.Release|Any CPU.Build.0 = Release|Any CPU
		{E703C2D4-F38B-4DCC-BAC1-FF437CAC947C}.Server|Any CPU.ActiveCfg = Release|Any CPU
		{E703C2D4-F38B-4DCC-BAC1-FF437CAC947C}.Server|Any CPU.Build.0 = Release|Any CPU
		{2FDAD53A-1475-47D4-8256-0B40637562CD}.Client|Any CPU.ActiveCfg = Release|Any CPU
		{2FDAD53A-1475-47D4-8256-0B40637562CD}.Debug|Any CPU.ActiveCfg = Debug|Any CPU
		{2FDAD53A-1475-47D4-8256-0B40637562CD}.Debug|Any CPU.Build.0 = Debug|Any CPU
		{2FDAD53A-1475-47D4-8256-0B40637562CD}.Release|Any CPU.ActiveCfg = Release|Any CPU
		{2FDAD53A-1475-47D4-8256-0B40637562CD}.Release|Any CPU.Build.0 = Release|Any CPU
		{2FDAD53A-1475-47D4-8256-0B40637562CD}.Server|Any CPU.ActiveCfg = Release|Any CPU
		{2FDAD53A-1475-47D4-8256-0B40637562CD}.Server|Any CPU.Build.0 = Release|Any CPU
		{FC1186A8-88BC-498C-A61B-22466724752F}.Client|Any CPU.ActiveCfg = Release|Any CPU
		{FC1186A8-88BC-498C-A61B-22466724752F}.Client|Any CPU.Build.0 = Release|Any CPU
		{FC1186A8-88BC-498C-A61B-22466724752F}.Debug|Any CPU.ActiveCfg = Debug|Any CPU
		{FC1186A8-88BC-498C-A61B-22466724752F}.Debug|Any CPU.Build.0 = Debug|Any CPU
		{FC1186A8-88BC-498C-A61B-22466724752F}.Release|Any CPU.ActiveCfg = Release|Any CPU
		{FC1186A8-88BC-498C-A61B-22466724752F}.Release|Any CPU.Build.0 = Release|Any CPU
		{FC1186A8-88BC-498C-A61B-22466724752F}.Server|Any CPU.ActiveCfg = Release|Any CPU
		{A2F264D9-4DA3-40DB-A878-99DC1124C248}.Client|Any CPU.ActiveCfg = Release|Any CPU
		{A2F264D9-4DA3-40DB-A878-99DC1124C248}.Debug|Any CPU.ActiveCfg = Debug|Any CPU
		{A2F264D9-4DA3-40DB-A878-99DC1124C248}.Debug|Any CPU.Build.0 = Debug|Any CPU
		{A2F264D9-4DA3-40DB-A878-99DC1124C248}.Release|Any CPU.ActiveCfg = Release|Any CPU
		{A2F264D9-4DA3-40DB-A878-99DC1124C248}.Release|Any CPU.Build.0 = Release|Any CPU
		{A2F264D9-4DA3-40DB-A878-99DC1124C248}.Server|Any CPU.ActiveCfg = Release|Any CPU
		{0E745CF0-32B3-4E20-8A49-85918FF15741}.Client|Any CPU.ActiveCfg = Release|Any CPU
		{0E745CF0-32B3-4E20-8A49-85918FF15741}.Debug|Any CPU.ActiveCfg = Debug|Any CPU
		{0E745CF0-32B3-4E20-8A49-85918FF15741}.Debug|Any CPU.Build.0 = Debug|Any CPU
		{0E745CF0-32B3-4E20-8A49-85918FF15741}.Release|Any CPU.ActiveCfg = Release|Any CPU
		{0E745CF0-32B3-4E20-8A49-85918FF15741}.Release|Any CPU.Build.0 = Release|Any CPU
		{0E745CF0-32B3-4E20-8A49-85918FF15741}.Server|Any CPU.ActiveCfg = Release|Any CPU
		{ED8FC6D6-56A3-444B-BD31-32F034B49E47}.Client|Any CPU.ActiveCfg = Release|Any CPU
		{ED8FC6D6-56A3-444B-BD31-32F034B49E47}.Debug|Any CPU.ActiveCfg = Debug|Any CPU
		{ED8FC6D6-56A3-444B-BD31-32F034B49E47}.Debug|Any CPU.Build.0 = Debug|Any CPU
		{ED8FC6D6-56A3-444B-BD31-32F034B49E47}.Release|Any CPU.ActiveCfg = Release|Any CPU
		{ED8FC6D6-56A3-444B-BD31-32F034B49E47}.Release|Any CPU.Build.0 = Release|Any CPU
		{ED8FC6D6-56A3-444B-BD31-32F034B49E47}.Server|Any CPU.ActiveCfg = Release|Any CPU
	EndGlobalSection
	GlobalSection(SolutionProperties) = preSolution
		HideSolutionNode = FALSE
	EndGlobalSection
	GlobalSection(NestedProjects) = preSolution
		{A2F264D9-4DA3-40DB-A878-99DC1124C248} = {00F6249F-186C-4A4E-870A-018B9661A60A}
		{0E745CF0-32B3-4E20-8A49-85918FF15741} = {00F6249F-186C-4A4E-870A-018B9661A60A}
		{ED8FC6D6-56A3-444B-BD31-32F034B49E47} = {00F6249F-186C-4A4E-870A-018B9661A60A}
		{E703C2D4-F38B-4DCC-BAC1-FF437CAC947C} = {69BBFF4D-6677-4C17-B800-EEF47FACB351}
	EndGlobalSection
EndGlobal
